
Microsoft Visual Studio Solution File, Format Version 12.00
# Visual Studio Version 16
VisualStudioVersion = 16.0.29215.179
MinimumVisualStudioVersion = 10.0.40219.1
Project("{FAE04EC0-301F-11D3-BF4B-00C04F79EFBC}") = "Parroter", "Parroter\Parroter.csproj", "{690CE864-B590-4E78-95D1-57D8D15A36E8}"
EndProject
Project("{54435603-DBB4-11D2-8724-00A0C9A8B90C}") = "Setup", "Setup\Setup.vdproj", "{81F5B515-0BC9-475A-BBC5-44CAF24D0A81}"
EndProject
Global
	GlobalSection(SolutionConfigurationPlatforms) = preSolution
		Debug|Any CPU = Debug|Any CPU
		Release|Any CPU = Release|Any CPU
	EndGlobalSection
	GlobalSection(ProjectConfigurationPlatforms) = postSolution
		{690CE864-B590-4E78-95D1-57D8D15A36E8}.Debug|Any CPU.ActiveCfg = Debug|Any CPU
		{690CE864-B590-4E78-95D1-57D8D15A36E8}.Debug|Any CPU.Build.0 = Debug|Any CPU
		{690CE864-B590-4E78-95D1-57D8D15A36E8}.Release|Any CPU.ActiveCfg = Release|Any CPU
		{690CE864-B590-4E78-95D1-57D8D15A36E8}.Release|Any CPU.Build.0 = Release|Any CPU
		{81F5B515-0BC9-475A-BBC5-44CAF24D0A81}.Debug|Any CPU.ActiveCfg = Debug
		{81F5B515-0BC9-475A-BBC5-44CAF24D0A81}.Release|Any CPU.ActiveCfg = Release
	EndGlobalSection
	GlobalSection(SolutionProperties) = preSolution
		HideSolutionNode = FALSE
	EndGlobalSection
	GlobalSection(ExtensibilityGlobals) = postSolution
		SolutionGuid = {D87E2BA9-2753-422C-92D4-3296136B89B6}
	EndGlobalSection
EndGlobal
